Microsoft Visual Studio Solution File, Format Version 11.00
# Visual Studio 2008

Project("{19E2C15D-98AA-022E-689D-2CCCA666B986}") = "QuadtriaCoreNetworkingLocal", "Assembly-CSharp.csproj", "{5B06E752-804F-FFAF-CCC6-92990AC890B1}"
EndProject
Global
	GlobalSection(SolutionConfigurationPlatforms) = preSolution
		Debug|Any CPU = Debug|Any CPU
		Release|Any CPU = Release|Any CPU
	EndGlobalSection
	GlobalSection(ProjectConfigurationPlatforms) = postSolution
		{5B06E752-804F-FFAF-CCC6-92990AC890B1}.Debug|Any CPU.ActiveCfg = Debug|Any CPU
		{5B06E752-804F-FFAF-CCC6-92990AC890B1}.Debug|Any CPU.Build.0 = Debug|Any CPU
		{5B06E752-804F-FFAF-CCC6-92990AC890B1}.Release|Any CPU.ActiveCfg = Release|Any CPU
		{5B06E752-804F-FFAF-CCC6-92990AC890B1}.Release|Any CPU.Build.0 = Release|Any CPU
	EndGlobalSection
	GlobalSection(SolutionProperties) = preSolution
		HideSolutionNode = FALSE
	EndGlobalSection
	GlobalSection(MonoDevelopProperties) = preSolution
		StartupItem = Assembly-CSharp.csproj
	EndGlobalSection
EndGlobal
